
Microsoft Visual Studio Solution File, Format Version 12.00
# Visual Studio 15
VisualStudioVersion = 15.0.28307.421
MinimumVisualStudioVersion = 10.0.40219.1
Project("{FAE04EC0-301F-11D3-BF4B-00C04F79EFBC}") = "NHibernateDemo", "NHibernateDemo\NHibernateDemo.csproj", "{E0010A0C-159C-4E1B-9B48-EDB17671069E}"
EndProject
Project("{FAE04EC0-301F-11D3-BF4B-00C04F79EFBC}") = "NHibernateDemo.Entities", "NHibernateDemo.Entities\NHibernateDemo.Entities.csproj", "{6ACBA112-AFA1-468D-9B4C-8E4FC5DE889E}"
EndProject
Project("{FAE04EC0-301F-11D3-BF4B-00C04F79EFBC}") = "NHibernateDemo.Repository", "NHibernateDemo.Repository\NHibernateDemo.Repository.csproj", "{5264F85E-5364-4CCC-AB45-3652CB7063FB}"
EndProject
Project("{FAE04EC0-301F-11D3-BF4B-00C04F79EFBC}") = "Web", "Web\Web.csproj", "{BD0C2E41-FE98-467D-B839-239E8E54B8D5}"
EndProject
Global
	GlobalSection(SolutionConfigurationPlatforms) = preSolution
		Debug|Any CPU = Debug|Any CPU
		Release|Any CPU = Release|Any CPU
	EndGlobalSection
	GlobalSection(ProjectConfigurationPlatforms) = postSolution
		{E0010A0C-159C-4E1B-9B48-EDB17671069E}.Debug|Any CPU.ActiveCfg = Debug|Any CPU
		{E0010A0C-159C-4E1B-9B48-EDB17671069E}.Debug|Any CPU.Build.0 = Debug|Any CPU
		{E0010A0C-159C-4E1B-9B48-EDB17671069E}.Release|Any CPU.ActiveCfg = Release|Any CPU
		{E0010A0C-159C-4E1B-9B48-EDB17671069E}.Release|Any CPU.Build.0 = Release|Any CPU
		{6ACBA112-AFA1-468D-9B4C-8E4FC5DE889E}.Debug|Any CPU.ActiveCfg = Debug|Any CPU
		{6ACBA112-AFA1-468D-9B4C-8E4FC5DE889E}.Debug|Any CPU.Build.0 = Debug|Any CPU
		{6ACBA112-AFA1-468D-9B4C-8E4FC5DE889E}.Release|Any CPU.ActiveCfg = Release|Any CPU
		{6ACBA112-AFA1-468D-9B4C-8E4FC5DE889E}.Release|Any CPU.Build.0 = Release|Any CPU
		{5264F85E-5364-4CCC-AB45-3652CB7063FB}.Debug|Any CPU.ActiveCfg = Debug|Any CPU
		{5264F85E-5364-4CCC-AB45-3652CB7063FB}.Debug|Any CPU.Build.0 = Debug|Any CPU
		{5264F85E-5364-4CCC-AB45-3652CB7063FB}.Release|Any CPU.ActiveCfg = Release|Any CPU
		{5264F85E-5364-4CCC-AB45-3652CB7063FB}.Release|Any CPU.Build.0 = Release|Any CPU
		{BD0C2E41-FE98-467D-B839-239E8E54B8D5}.Debug|Any CPU.ActiveCfg = Debug|Any CPU
		{BD0C2E41-FE98-467D-B839-239E8E54B8D5}.Debug|Any CPU.Build.0 = Debug|Any CPU
		{BD0C2E41-FE98-467D-B839-239E8E54B8D5}.Release|Any CPU.ActiveCfg = Release|Any CPU
		{BD0C2E41-FE98-467D-B839-239E8E54B8D5}.Release|Any CPU.Build.0 = Release|Any CPU
	EndGlobalSection
	GlobalSection(SolutionProperties) = preSolution
		HideSolutionNode = FALSE
	EndGlobalSection
	GlobalSection(ExtensibilityGlobals) = postSolution
		SolutionGuid = {0C15F6A7-05F5-4D38-89E6-10CB2FF4C3F3}
	EndGlobalSection
EndGlobal
